// !$*UTF8*$!
{
	archiveVersion = 1;
	classes = {
	};
	objectVersion = 50;
	objects = {

/* Begin PBXBuildFile section */
		4E1538C62714B15200D5DD52 /* MainHomeReg.swift in Sources */ = {isa = PBXBuildFile; fileRef = 4E1538C52714B15200D5DD52 /* MainHomeReg.swift */; };
		4E1538C82714B36700D5DD52 /* NewPasswordView.swift in Sources */ = {isa = PBXBuildFile; fileRef = 4E1538C72714B36700D5DD52 /* NewPasswordView.swift */; };
		4E1538CA2714B3C100D5DD52 /* CustomTF.swift in Sources */ = {isa = PBXBuildFile; fileRef = 4E1538C92714B3C100D5DD52 /* CustomTF.swift */; };
		4E1538CD2714B48C00D5DD52 /* HomeReigtserViewModel.swift in Sources */ = {isa = PBXBuildFile; fileRef = 4E1538CC2714B48C00D5DD52 /* HomeReigtserViewModel.swift */; };
		4E1538CF2714B64000D5DD52 /* ResetView.swift in Sources */ = {isa = PBXBuildFile; fileRef = 4E1538CE2714B64000D5DD52 /* ResetView.swift */; };
		4E1538D12714B6DF00D5DD52 /* LoginView.swift in Sources */ = {isa = PBXBuildFile; fileRef = 4E1538D02714B6DF00D5DD52 /* LoginView.swift */; };
		4E171E402716F31A000837BF /* HomeAccount.swift in Sources */ = {isa = PBXBuildFile; fileRef = 4E171E3F2716F31A000837BF /* HomeAccount.swift */; };
		4E171E422716F339000837BF /* HomeAccountViewModel.swift in Sources */ = {isa = PBXBuildFile; fileRef = 4E171E412716F339000837BF /* HomeAccountViewModel.swift */; };
		4E171E452716F3C3000837BF /* HomeAccountTopView.swift in Sources */ = {isa = PBXBuildFile; fileRef = 4E171E442716F3C3000837BF /* HomeAccountTopView.swift */; };
		4E171E472716F74F000837BF /* SUImagePickerView.swift in Sources */ = {isa = PBXBuildFile; fileRef = 4E171E462716F74F000837BF /* SUImagePickerView.swift */; };
		4EB8FFE927148560008C0D03 /* Launch Screen.storyboard in Resources */ = {isa = PBXBuildFile; fileRef = 4EB8FFE827148560008C0D03 /* Launch Screen.storyboard */; };
		4EBF11582715882B008C3C89 /* NetworkManger.swift in Sources */ = {isa = PBXBuildFile; fileRef = 4EBF11562715882B008C3C89 /* NetworkManger.swift */; };
		4EBF11592715882B008C3C89 /* URLBuilder.swift in Sources */ = {isa = PBXBuildFile; fileRef = 4EBF11572715882B008C3C89 /* URLBuilder.swift */; };
		4EBF115B27158869008C3C89 /* ApiURL.swift in Sources */ = {isa = PBXBuildFile; fileRef = 4EBF115A27158869008C3C89 /* ApiURL.swift */; };
		4EC550A42716AE990025F5C9 /* KeyboardSpace.swift in Sources */ = {isa = PBXBuildFile; fileRef = 4EC550A32716AE990025F5C9 /* KeyboardSpace.swift */; };
		4EC550A62716B3420025F5C9 /* LoadingCapsuleSpacing.swift in Sources */ = {isa = PBXBuildFile; fileRef = 4EC550A52716B3420025F5C9 /* LoadingCapsuleSpacing.swift */; };
		4ECD6D9D27145E0400011208 /* MagicianApp.swift in Sources */ = {isa = PBXBuildFile; fileRef = 4ECD6D9C27145E0400011208 /* MagicianApp.swift */; };
		4ECD6D9F27145E0400011208 /* ContentView.swift in Sources */ = {isa = PBXBuildFile; fileRef = 4ECD6D9E27145E0400011208 /* ContentView.swift */; };
		4ECD6DA127145E0700011208 /* Assets.xcassets in Resources */ = {isa = PBXBuildFile; fileRef = 4ECD6DA027145E0700011208 /* Assets.xcassets */; };
		4ECD6DA427145E0700011208 /* Preview Assets.xcassets in Resources */ = {isa = PBXBuildFile; fileRef = 4ECD6DA327145E0700011208 /* Preview Assets.xcassets */; };
		4ECD6DB727145E8500011208 /* ex_Image.swift in Sources */ = {isa = PBXBuildFile; fileRef = 4ECD6DB327145E8500011208 /* ex_Image.swift */; };
		4ECD6DB827145E8500011208 /* hideKeyboard.swift in Sources */ = {isa = PBXBuildFile; fileRef = 4ECD6DB427145E8500011208 /* hideKeyboard.swift */; };
		4ECD6DB927145E8500011208 /* Extensions_ui.swift in Sources */ = {isa = PBXBuildFile; fileRef = 4ECD6DB527145E8500011208 /* Extensions_ui.swift */; };
		4ECD6DBA27145E8500011208 /* EX_View.swift in Sources */ = {isa = PBXBuildFile; fileRef = 4ECD6DB627145E8500011208 /* EX_View.swift */; };
		4ECD6DBC27145EBC00011208 /* AppDelegate.swift in Sources */ = {isa = PBXBuildFile; fileRef = 4ECD6DBB27145EBC00011208 /* AppDelegate.swift */; };
		4ECD6DBE271460D800011208 /* HomeONBoard.swift in Sources */ = {isa = PBXBuildFile; fileRef = 4ECD6DBD271460D800011208 /* HomeONBoard.swift */; };
		4ECD6DC02714610B00011208 /* InfoModel.swift in Sources */ = {isa = PBXBuildFile; fileRef = 4ECD6DBF2714610B00011208 /* InfoModel.swift */; };
		4ECF1EA527153EEF00698148 /* SignUpView.swift in Sources */ = {isa = PBXBuildFile; fileRef = 4ECF1EA427153EEF00698148 /* SignUpView.swift */; };
		4ECF1EA7271542BC00698148 /* OTPView.swift in Sources */ = {isa = PBXBuildFile; fileRef = 4ECF1EA6271542BC00698148 /* OTPView.swift */; };
		4ECF1EA92715439F00698148 /* SPasscodeField.swift in Sources */ = {isa = PBXBuildFile; fileRef = 4ECF1EA82715439F00698148 /* SPasscodeField.swift */; };
		4EFB12292716950D008A240A /* MainHomeTabBar.swift in Sources */ = {isa = PBXBuildFile; fileRef = 4EFB12282716950D008A240A /* MainHomeTabBar.swift */; };
		4EFB122B27169575008A240A /* HomeMainTabBarViewModel.swift in Sources */ = {isa = PBXBuildFile; fileRef = 4EFB122A27169575008A240A /* HomeMainTabBarViewModel.swift */; };
		4EFB122D271695F7008A240A /* UsedTabBar.swift in Sources */ = {isa = PBXBuildFile; fileRef = 4EFB122C271695F7008A240A /* UsedTabBar.swift */; };
		4EFC79482716C8DE00C5DF36 /* LocationFetcher.swift in Sources */ = {isa = PBXBuildFile; fileRef = 4EFC79452716C8DE00C5DF36 /* LocationFetcher.swift */; };
		4EFC79492716C8DE00C5DF36 /* LocationView.swift in Sources */ = {isa = PBXBuildFile; fileRef = 4EFC79462716C8DE00C5DF36 /* LocationView.swift */; };
		4EFC794A2716C8DE00C5DF36 /* MainMapView.swift in Sources */ = {isa = PBXBuildFile; fileRef = 4EFC79472716C8DE00C5DF36 /* MainMapView.swift */; };
		4EFC794C2716CD9300C5DF36 /* GifI_mage.swift in Sources */ = {isa = PBXBuildFile; fileRef = 4EFC794B2716CD9300C5DF36 /* GifI_mage.swift */; };
		4EFC794E2716CF6F00C5DF36 /* GifImage.swift in Sources */ = {isa = PBXBuildFile; fileRef = 4EFC794D2716CF6F00C5DF36 /* GifImage.swift */; };
		4EFC79512716CF9D00C5DF36 /* 2.gif in Resources */ = {isa = PBXBuildFile; fileRef = 4EFC794F2716CF9D00C5DF36 /* 2.gif */; };
		4EFC79522716CF9D00C5DF36 /* 1.gif in Resources */ = {isa = PBXBuildFile; fileRef = 4EFC79502716CF9D00C5DF36 /* 1.gif */; };
		4EFC79542716D11D00C5DF36 /* SHomeONBoard.swift in Sources */ = {isa = PBXBuildFile; fileRef = 4EFC79532716D11D00C5DF36 /* SHomeONBoard.swift */; };
		4EFC79562716D62F00C5DF36 /* SSHomeONBoard.swift in Sources */ = {isa = PBXBuildFile; fileRef = 4EFC79552716D62F00C5DF36 /* SSHomeONBoard.swift */; };
/* End PBXBuildFile section */

/* Begin PBXFileReference section */
		4E1538C52714B15200D5DD52 /* MainHomeReg.swift */ = {isa = PBXFileReference; lastKnownFileType = sourcecode.swift; path = MainHomeReg.swift; sourceTree = "<group>"; };
		4E1538C72714B36700D5DD52 /* NewPasswordView.swift */ = {isa = PBXFileReference; lastKnownFileType = sourcecode.swift; path = NewPasswordView.swift; sourceTree = "<group>"; };
		4E1538C92714B3C100D5DD52 /* CustomTF.swift */ = {isa = PBXFileReference; fileEncoding = 4; lastKnownFileType = sourcecode.swift; path = CustomTF.swift; sourceTree = "<group>"; };
		4E1538CC2714B48C00D5DD52 /* HomeReigtserViewModel.swift */ = {isa = PBXFileReference; lastKnownFileType = sourcecode.swift; path = HomeReigtserViewModel.swift; sourceTree = "<group>"; };
		4E1538CE2714B64000D5DD52 /* ResetView.swift */ = {isa = PBXFileReference; lastKnownFileType = sourcecode.swift; path = ResetView.swift; sourceTree = "<group>"; };
		4E1538D02714B6DF00D5DD52 /* LoginView.swift */ = {isa = PBXFileReference; lastKnownFileType = sourcecode.swift; path = LoginView.swift; sourceTree = "<group>"; };
		4E171E3F2716F31A000837BF /* HomeAccount.swift */ = {isa = PBXFileReference; lastKnownFileType = sourcecode.swift; path = HomeAccount.swift; sourceTree = "<group>"; };
		4E171E412716F339000837BF /* HomeAccountViewModel.swift */ = {isa = PBXFileReference; lastKnownFileType = sourcecode.swift; path = HomeAccountViewModel.swift; sourceTree = "<group>"; };
		4E171E442716F3C3000837BF /* HomeAccountTopView.swift */ = {isa = PBXFileReference; lastKnownFileType = sourcecode.swift; path = HomeAccountTopView.swift; sourceTree = "<group>"; };
		4E171E462716F74F000837BF /* SUImagePickerView.swift */ = {isa = PBXFileReference; fileEncoding = 4; lastKnownFileType = sourcecode.swift; path = SUImagePickerView.swift; sourceTree = "<group>"; };
		4EB8FFE827148560008C0D03 /* Launch Screen.storyboard */ = {isa = PBXFileReference; lastKnownFileType = file.storyboard; path = "Launch Screen.storyboard"; sourceTree = "<group>"; };
		4EBF11562715882B008C3C89 /* NetworkManger.swift */ = {isa = PBXFileReference; fileEncoding = 4; lastKnownFileType = sourcecode.swift; path = NetworkManger.swift; sourceTree = "<group>"; };
		4EBF11572715882B008C3C89 /* URLBuilder.swift */ = {isa = PBXFileReference; fileEncoding = 4; lastKnownFileType = sourcecode.swift; path = URLBuilder.swift; sourceTree = "<group>"; };
		4EBF115A27158869008C3C89 /* ApiURL.swift */ = {isa = PBXFileReference; fileEncoding = 4; lastKnownFileType = sourcecode.swift; path = ApiURL.swift; sourceTree = "<group>"; };
		4EC550A32716AE990025F5C9 /* KeyboardSpace.swift */ = {isa = PBXFileReference; fileEncoding = 4; lastKnownFileType = sourcecode.swift; path = KeyboardSpace.swift; sourceTree = "<group>"; };
		4EC550A52716B3420025F5C9 /* LoadingCapsuleSpacing.swift */ = {isa = PBXFileReference; fileEncoding = 4; lastKnownFileType = sourcecode.swift; path = LoadingCapsuleSpacing.swift; sourceTree = "<group>"; };
		4ECD6D9927145E0400011208 /* Magician.app */ = {isa = PBXFileReference; explicitFileType = wrapper.application; includeInIndex = 0; path = Magician.app; sourceTree = BUILT_PRODUCTS_DIR; };
		4ECD6D9C27145E0400011208 /* MagicianApp.swift */ = {isa = PBXFileReference; lastKnownFileType = sourcecode.swift; path = MagicianApp.swift; sourceTree = "<group>"; };
		4ECD6D9E27145E0400011208 /* ContentView.swift */ = {isa = PBXFileReference; lastKnownFileType = sourcecode.swift; path = ContentView.swift; sourceTree = "<group>"; };
		4ECD6DA027145E0700011208 /* Assets.xcassets */ = {isa = PBXFileReference; lastKnownFileType = folder.assetcatalog; path = Assets.xcassets; sourceTree = "<group>"; };
		4ECD6DA327145E0700011208 /* Preview Assets.xcassets */ = {isa = PBXFileReference; lastKnownFileType = folder.assetcatalog; path = "Preview Assets.xcassets"; sourceTree = "<group>"; };
		4ECD6DA527145E0700011208 /* Info.plist */ = {isa = PBXFileReference; lastKnownFileType = text.plist.xml; path = Info.plist; sourceTree = "<group>"; };
		4ECD6DB327145E8500011208 /* ex_Image.swift */ = {isa = PBXFileReference; fileEncoding = 4; lastKnownFileType = sourcecode.swift; path = ex_Image.swift; sourceTree = "<group>"; };
		4ECD6DB427145E8500011208 /* hideKeyboard.swift */ = {isa = PBXFileReference; fileEncoding = 4; lastKnownFileType = sourcecode.swift; path = hideKeyboard.swift; sourceTree = "<group>"; };
		4ECD6DB527145E8500011208 /* Extensions_ui.swift */ = {isa = PBXFileReference; fileEncoding = 4; lastKnownFileType = sourcecode.swift; path = Extensions_ui.swift; sourceTree = "<group>"; };
		4ECD6DB627145E8500011208 /* EX_View.swift */ = {isa = PBXFileReference; fileEncoding = 4; lastKnownFileType = sourcecode.swift; path = EX_View.swift; sourceTree = "<group>"; };
		4ECD6DBB27145EBC00011208 /* AppDelegate.swift */ = {isa = PBXFileReference; fileEncoding = 4; lastKnownFileType = sourcecode.swift; path = AppDelegate.swift; sourceTree = "<group>"; };
		4ECD6DBD271460D800011208 /* HomeONBoard.swift */ = {isa = PBXFileReference; lastKnownFileType = sourcecode.swift; path = HomeONBoard.swift; sourceTree = "<group>"; };
		4ECD6DBF2714610B00011208 /* InfoModel.swift */ = {isa = PBXFileReference; lastKnownFileType = sourcecode.swift; path = InfoModel.swift; sourceTree = "<group>"; };
		4ECF1EA427153EEF00698148 /* SignUpView.swift */ = {isa = PBXFileReference; lastKnownFileType = sourcecode.swift; path = SignUpView.swift; sourceTree = "<group>"; };
		4ECF1EA6271542BC00698148 /* OTPView.swift */ = {isa = PBXFileReference; lastKnownFileType = sourcecode.swift; path = OTPView.swift; sourceTree = "<group>"; };
		4ECF1EA82715439F00698148 /* SPasscodeField.swift */ = {isa = PBXFileReference; fileEncoding = 4; lastKnownFileType = sourcecode.swift; path = SPasscodeField.swift; sourceTree = "<group>"; };
		4EFB12282716950D008A240A /* MainHomeTabBar.swift */ = {isa = PBXFileReference; lastKnownFileType = sourcecode.swift; path = MainHomeTabBar.swift; sourceTree = "<group>"; };
		4EFB122A27169575008A240A /* HomeMainTabBarViewModel.swift */ = {isa = PBXFileReference; lastKnownFileType = sourcecode.swift; path = HomeMainTabBarViewModel.swift; sourceTree = "<group>"; };
		4EFB122C271695F7008A240A /* UsedTabBar.swift */ = {isa = PBXFileReference; lastKnownFileType = sourcecode.swift; path = UsedTabBar.swift; sourceTree = "<group>"; };
		4EFC79452716C8DE00C5DF36 /* LocationFetcher.swift */ = {isa = PBXFileReference; fileEncoding = 4; lastKnownFileType = sourcecode.swift; path = LocationFetcher.swift; sourceTree = "<group>"; };
		4EFC79462716C8DE00C5DF36 /* LocationView.swift */ = {isa = PBXFileReference; fileEncoding = 4; lastKnownFileType = sourcecode.swift; path = LocationView.swift; sourceTree = "<group>"; };
		4EFC79472716C8DE00C5DF36 /* MainMapView.swift */ = {isa = PBXFileReference; fileEncoding = 4; lastKnownFileType = sourcecode.swift; path = MainMapView.swift; sourceTree = "<group>"; };
		4EFC794B2716CD9300C5DF36 /* GifI_mage.swift */ = {isa = PBXFileReference; lastKnownFileType = sourcecode.swift; path = GifI_mage.swift; sourceTree = "<group>"; };
		4EFC794D2716CF6F00C5DF36 /* GifImage.swift */ = {isa = PBXFileReference; fileEncoding = 4; lastKnownFileType = sourcecode.swift; path = GifImage.swift; sourceTree = "<group>"; };
		4EFC794F2716CF9D00C5DF36 /* 2.gif */ = {isa = PBXFileReference; lastKnownFileType = image.gif; path = 2.gif; sourceTree = "<group>"; };
		4EFC79502716CF9D00C5DF36 /* 1.gif */ = {isa = PBXFileReference; lastKnownFileType = image.gif; path = 1.gif; sourceTree = "<group>"; };
		4EFC79532716D11D00C5DF36 /* SHomeONBoard.swift */ = {isa = PBXFileReference; lastKnownFileType = sourcecode.swift; path = SHomeONBoard.swift; sourceTree = "<group>"; };
		4EFC79552716D62F00C5DF36 /* SSHomeONBoard.swift */ = {isa = PBXFileReference; lastKnownFileType = sourcecode.swift; path = SSHomeONBoard.swift; sourceTree = "<group>"; };
/* End PBXFileReference section */

/* Begin PBXFrameworksBuildPhase section */
		4ECD6D9627145E0400011208 /* Frameworks */ = {
			isa = PBXFrameworksBuildPhase;
			buildActionMask = 2147483647;
			files = (
			);
			runOnlyForDeploymentPostprocessing = 0;
		};
/* End PBXFrameworksBuildPhase section */

/* Begin PBXGroup section */
		4E1538CB2714B3C300D5DD52 /* custom */ = {
			isa = PBXGroup;
			children = (
				4E171E462716F74F000837BF /* SUImagePickerView.swift */,
				4EFC794D2716CF6F00C5DF36 /* GifImage.swift */,
				4EC550A52716B3420025F5C9 /* LoadingCapsuleSpacing.swift */,
				4EC550A32716AE990025F5C9 /* KeyboardSpace.swift */,
				4E1538C92714B3C100D5DD52 /* CustomTF.swift */,
			);
			path = custom;
			sourceTree = "<group>";
		};
		4E171E3D2716F301000837BF /* ACCOUNT */ = {
			isa = PBXGroup;
			children = (
				4E171E3F2716F31A000837BF /* HomeAccount.swift */,
				4E171E442716F3C3000837BF /* HomeAccountTopView.swift */,
			);
			path = ACCOUNT;
			sourceTree = "<group>";
		};
		4E171E3E2716F30C000837BF /* ACCOUNT */ = {
			isa = PBXGroup;
			children = (
			);
			path = ACCOUNT;
			sourceTree = "<group>";
		};
		4E171E432716F392000837BF /* may be used */ = {
			isa = PBXGroup;
			children = (
				4EFC79532716D11D00C5DF36 /* SHomeONBoard.swift */,
				4ECD6DBD271460D800011208 /* HomeONBoard.swift */,
			);
			path = "may be used";
			sourceTree = "<group>";
		};
		4E4C43C327155CCE004287E7 /* signup */ = {
			isa = PBXGroup;
			children = (
				4ECF1EA427153EEF00698148 /* SignUpView.swift */,
				4ECF1EAA271543AA00698148 /* OTP */,
			);
			path = signup;
			sourceTree = "<group>";
		};
		4E4C43C427155CE1004287E7 /* login */ = {
			isa = PBXGroup;
			children = (
				4E1538D02714B6DF00D5DD52 /* LoginView.swift */,
				4E1538CE2714B64000D5DD52 /* ResetView.swift */,
				4E1538C72714B36700D5DD52 /* NewPasswordView.swift */,
			);
			path = login;
			sourceTree = "<group>";
		};
		4EB8FFE727148551008C0D03 /* support files */ = {
			isa = PBXGroup;
			children = (
				4E171E432716F392000837BF /* may be used */,
				4EFC79502716CF9D00C5DF36 /* 1.gif */,
				4EFC794F2716CF9D00C5DF36 /* 2.gif */,
				4EB8FFE827148560008C0D03 /* Launch Screen.storyboard */,
			);
			path = "support files";
			sourceTree = "<group>";
		};
		4EBF11552715881C008C3C89 /* network */ = {
			isa = PBXGroup;
			children = (
				4EBF11562715882B008C3C89 /* NetworkManger.swift */,
				4EBF11572715882B008C3C89 /* URLBuilder.swift */,
			);
			path = network;
			sourceTree = "<group>";
		};
		4ECD6D9027145E0400011208 = {
			isa = PBXGroup;
			children = (
				4ECD6D9B27145E0400011208 /* Magician */,
				4ECD6D9A27145E0400011208 /* Products */,
			);
			sourceTree = "<group>";
		};
		4ECD6D9A27145E0400011208 /* Products */ = {
			isa = PBXGroup;
			children = (
				4ECD6D9927145E0400011208 /* Magician.app */,
			);
			name = Products;
			sourceTree = "<group>";
		};
		4ECD6D9B27145E0400011208 /* Magician */ = {
			isa = PBXGroup;
			children = (
				4ECD6D9C27145E0400011208 /* MagicianApp.swift */,
				4EBF11552715881C008C3C89 /* network */,
				4ECD6DB027145E2700011208 /* services */,
				4ECD6DAF27145E2300011208 /* helpers */,
				4ECD6DAE27145E1F00011208 /* viewmodel */,
				4ECD6DAD27145E1C00011208 /* model */,
				4ECD6DAC27145E1900011208 /* view */,
				4ECD6DAB27145E1500011208 /* scenes */,
				4ECD6DA027145E0700011208 /* Assets.xcassets */,
				4EB8FFE727148551008C0D03 /* support files */,
				4ECD6DA527145E0700011208 /* Info.plist */,
				4ECD6DA227145E0700011208 /* Preview Content */,
			);
			path = Magician;
			sourceTree = "<group>";
		};
		4ECD6DA227145E0700011208 /* Preview Content */ = {
			isa = PBXGroup;
			children = (
				4ECD6DA327145E0700011208 /* Preview Assets.xcassets */,
			);
			path = "Preview Content";
			sourceTree = "<group>";
		};
		4ECD6DAB27145E1500011208 /* scenes */ = {
			isa = PBXGroup;
			children = (
				4E171E3D2716F301000837BF /* ACCOUNT */,
				4EFB1227271694F4008A240A /* tab bar */,
				4ECD6DB127145E3200011208 /* Register */,
				4ECD6D9E27145E0400011208 /* ContentView.swift */,
			);
			path = scenes;
			sourceTree = "<group>";
		};
		4ECD6DAC27145E1900011208 /* view */ = {
			isa = PBXGroup;
			children = (
				4E171E3E2716F30C000837BF /* ACCOUNT */,
				4E1538CB2714B3C300D5DD52 /* custom */,
				4ECD6DB227145E3F00011208 /* Register */,
			);
			path = view;
			sourceTree = "<group>";
		};
		4ECD6DAD27145E1C00011208 /* model */ = {
			isa = PBXGroup;
			children = (
				4ECD6DBF2714610B00011208 /* InfoModel.swift */,
			);
			path = model;
			sourceTree = "<group>";
		};
		4ECD6DAE27145E1F00011208 /* viewmodel */ = {
			isa = PBXGroup;
			children = (
				4E1538CC2714B48C00D5DD52 /* HomeReigtserViewModel.swift */,
				4EFB122A27169575008A240A /* HomeMainTabBarViewModel.swift */,
				4E171E412716F339000837BF /* HomeAccountViewModel.swift */,
			);
			path = viewmodel;
			sourceTree = "<group>";
		};
		4ECD6DAF27145E2300011208 /* helpers */ = {
			isa = PBXGroup;
			children = (
				4EBF115A27158869008C3C89 /* ApiURL.swift */,
				4ECD6DBB27145EBC00011208 /* AppDelegate.swift */,
				4ECD6DB327145E8500011208 /* ex_Image.swift */,
				4ECD6DB627145E8500011208 /* EX_View.swift */,
				4ECD6DB527145E8500011208 /* Extensions_ui.swift */,
				4EFC794B2716CD9300C5DF36 /* GifI_mage.swift */,
				4ECD6DB427145E8500011208 /* hideKeyboard.swift */,
			);
			path = helpers;
			sourceTree = "<group>";
		};
		4ECD6DB027145E2700011208 /* services */ = {
			isa = PBXGroup;
			children = (
			);
			path = services;
			sourceTree = "<group>";
		};
		4ECD6DB127145E3200011208 /* Register */ = {
			isa = PBXGroup;
			children = (
				4EFC79552716D62F00C5DF36 /* SSHomeONBoard.swift */,
				4E1538C52714B15200D5DD52 /* MainHomeReg.swift */,
				4EFC79442716C8D500C5DF36 /* location */,
			);
			path = Register;
			sourceTree = "<group>";
		};
		4ECD6DB227145E3F00011208 /* Register */ = {
			isa = PBXGroup;
			children = (
				4E4C43C427155CE1004287E7 /* login */,
				4E4C43C327155CCE004287E7 /* signup */,
			);
			path = Register;
			sourceTree = "<group>";
		};
		4ECF1EAA271543AA00698148 /* OTP */ = {
			isa = PBXGroup;
			children = (
				4ECF1EA6271542BC00698148 /* OTPView.swift */,
				4ECF1EA82715439F00698148 /* SPasscodeField.swift */,
			);
			path = OTP;
			sourceTree = "<group>";
		};
		4EFB1227271694F4008A240A /* tab bar */ = {
			isa = PBXGroup;
			children = (
				4EFB12282716950D008A240A /* MainHomeTabBar.swift */,
				4EFB122C271695F7008A240A /* UsedTabBar.swift */,
			);
			path = "tab bar";
			sourceTree = "<group>";
		};
		4EFC79442716C8D500C5DF36 /* location */ = {
			isa = PBXGroup;
			children = (
				4EFC79472716C8DE00C5DF36 /* MainMapView.swift */,
				4EFC79452716C8DE00C5DF36 /* LocationFetcher.swift */,
				4EFC79462716C8DE00C5DF36 /* LocationView.swift */,
			);
			path = location;
			sourceTree = "<group>";
		};
/* End PBXGroup section */

/* Begin PBXNativeTarget section */
		4ECD6D9827145E0400011208 /* Magician */ = {
			isa = PBXNativeTarget;
			buildConfigurationList = 4ECD6DA827145E0700011208 /* Build configuration list for PBXNativeTarget "Magician" */;
			buildPhases = (
				4ECD6D9527145E0400011208 /* Sources */,
				4ECD6D9627145E0400011208 /* Frameworks */,
				4ECD6D9727145E0400011208 /* Resources */,
			);
			buildRules = (
			);
			dependencies = (
			);
			name = Magician;
			productName = Magician;
			productReference = 4ECD6D9927145E0400011208 /* Magician.app */;
			productType = "com.apple.product-type.application";
		};
/* End PBXNativeTarget section */

/* Begin PBXProject section */
		4ECD6D9127145E0400011208 /* Project object */ = {
			isa = PBXProject;
			attributes = {
				LastSwiftUpdateCheck = 1250;
				LastUpgradeCheck = 1250;
				TargetAttributes = {
					4ECD6D9827145E0400011208 = {
						CreatedOnToolsVersion = 12.5;
					};
				};
			};
			buildConfigurationList = 4ECD6D9427145E0400011208 /* Build configuration list for PBXProject "Magician" */;
			compatibilityVersion = "Xcode 9.3";
			developmentRegion = en;
			hasScannedForEncodings = 0;
			knownRegions = (
				en,
				Base,
			);
			mainGroup = 4ECD6D9027145E0400011208;
			productRefGroup = 4ECD6D9A27145E0400011208 /* Products */;
			projectDirPath = "";
			projectRoot = "";
			targets = (
				4ECD6D9827145E0400011208 /* Magician */,
			);
		};
/* End PBXProject section */

/* Begin PBXResourcesBuildPhase section */
		4ECD6D9727145E0400011208 /* Resources */ = {
			isa = PBXResourcesBuildPhase;
			buildActionMask = 2147483647;
			files = (
				4EB8FFE927148560008C0D03 /* Launch Screen.storyboard in Resources */,
				4ECD6DA427145E0700011208 /* Preview Assets.xcassets in Resources */,
				4ECD6DA127145E0700011208 /* Assets.xcassets in Resources */,
				4EFC79522716CF9D00C5DF36 /* 1.gif in Resources */,
				4EFC79512716CF9D00C5DF36 /* 2.gif in Resources */,
			);
			runOnlyForDeploymentPostprocessing = 0;
		};
/* End PBXResourcesBuildPhase section */

/* Begin PBXSourcesBuildPhase section */
		4ECD6D9527145E0400011208 /* Sources */ = {
			isa = PBXSourcesBuildPhase;
			buildActionMask = 2147483647;
			files = (
				4E1538C82714B36700D5DD52 /* NewPasswordView.swift in Sources */,
				4ECF1EA7271542BC00698148 /* OTPView.swift in Sources */,
				4ECD6DB927145E8500011208 /* Extensions_ui.swift in Sources */,
				4E171E452716F3C3000837BF /* HomeAccountTopView.swift in Sources */,
				4EFC794A2716C8DE00C5DF36 /* MainMapView.swift in Sources */,
				4EBF11582715882B008C3C89 /* NetworkManger.swift in Sources */,
				4EC550A62716B3420025F5C9 /* LoadingCapsuleSpacing.swift in Sources */,
				4E1538CA2714B3C100D5DD52 /* CustomTF.swift in Sources */,
				4EBF11592715882B008C3C89 /* URLBuilder.swift in Sources */,
				4E1538D12714B6DF00D5DD52 /* LoginView.swift in Sources */,
				4E171E422716F339000837BF /* HomeAccountViewModel.swift in Sources */,
				4EFC79562716D62F00C5DF36 /* SSHomeONBoard.swift in Sources */,
				4EFB12292716950D008A240A /* MainHomeTabBar.swift in Sources */,
				4E1538CD2714B48C00D5DD52 /* HomeReigtserViewModel.swift in Sources */,
				4E171E402716F31A000837BF /* HomeAccount.swift in Sources */,
				4ECD6DBA27145E8500011208 /* EX_View.swift in Sources */,
				4EC550A42716AE990025F5C9 /* KeyboardSpace.swift in Sources */,
				4E1538C62714B15200D5DD52 /* MainHomeReg.swift in Sources */,
				4E171E472716F74F000837BF /* SUImagePickerView.swift in Sources */,
				4EFC79542716D11D00C5DF36 /* SHomeONBoard.swift in Sources */,
				4EFC794C2716CD9300C5DF36 /* GifI_mage.swift in Sources */,
				4E1538CF2714B64000D5DD52 /* ResetView.swift in Sources */,
				4EFC794E2716CF6F00C5DF36 /* GifImage.swift in Sources */,
				4EBF115B27158869008C3C89 /* ApiURL.swift in Sources */,
				4ECD6DBE271460D800011208 /* HomeONBoard.swift in Sources */,
				4ECF1EA92715439F00698148 /* SPasscodeField.swift in Sources */,
				4ECD6DB827145E8500011208 /* hideKeyboard.swift in Sources */,
				4EFB122D271695F7008A240A /* UsedTabBar.swift in Sources */,
				4ECD6D9F27145E0400011208 /* ContentView.swift in Sources */,
				4ECD6DBC27145EBC00011208 /* AppDelegate.swift in Sources */,
				4ECF1EA527153EEF00698148 /* SignUpView.swift in Sources */,
				4ECD6DB727145E8500011208 /* ex_Image.swift in Sources */,
				4EFB122B27169575008A240A /* HomeMainTabBarViewModel.swift in Sources */,
				4ECD6D9D27145E0400011208 /* MagicianApp.swift in Sources */,
				4EFC79492716C8DE00C5DF36 /* LocationView.swift in Sources */,
				4ECD6DC02714610B00011208 /* InfoModel.swift in Sources */,
				4EFC79482716C8DE00C5DF36 /* LocationFetcher.swift in Sources */,
			);
			runOnlyForDeploymentPostprocessing = 0;
		};
/* End PBXSourcesBuildPhase section */

/* Begin XCBuildConfiguration section */
		4ECD6DA627145E0700011208 /* Debug */ = {
			isa = XCBuildConfiguration;
			buildSettings = {
				ALWAYS_SEARCH_USER_PATHS = NO;
				CLANG_ANALYZER_NONNULL = YES;
				CLANG_ANALYZER_NUMBER_OBJECT_CONVERSION = YES_AGGRESSIVE;
				CLANG_CXX_LANGUAGE_STANDARD = "gnu++14";
				CLANG_CXX_LIBRARY = "libc++";
				CLANG_ENABLE_MODULES = YES;
				CLANG_ENABLE_OBJC_ARC = YES;
				CLANG_ENABLE_OBJC_WEAK = YES;
				CLANG_WARN_BLOCK_CAPTURE_AUTORELEASING = YES;
				CLANG_WARN_BOOL_CONVERSION = YES;
				CLANG_WARN_COMMA = YES;
				CLANG_WARN_CONSTANT_CONVERSION = YES;
				CLANG_WARN_DEPRECATED_OBJC_IMPLEMENTATIONS = YES;
				CLANG_WARN_DIRECT_OBJC_ISA_USAGE = YES_ERROR;
				CLANG_WARN_DOCUMENTATION_COMMENTS = YES;
				CLANG_WARN_EMPTY_BODY = YES;
				CLANG_WARN_ENUM_CONVERSION = YES;
				CLANG_WARN_INFINITE_RECURSION = YES;
				CLANG_WARN_INT_CONVERSION = YES;
				CLANG_WARN_NON_LITERAL_NULL_CONVERSION = YES;
				CLANG_WARN_OBJC_IMPLICIT_RETAIN_SELF = YES;
				CLANG_WARN_OBJC_LITERAL_CONVERSION = YES;
				CLANG_WARN_OBJC_ROOT_CLASS = YES_ERROR;
				CLANG_WARN_QUOTED_INCLUDE_IN_FRAMEWORK_HEADER = YES;
				CLANG_WARN_RANGE_LOOP_ANALYSIS = YES;
				CLANG_WARN_STRICT_PROTOTYPES = YES;
				CLANG_WARN_SUSPICIOUS_MOVE = YES;
				CLANG_WARN_UNGUARDED_AVAILABILITY = YES_AGGRESSIVE;
				CLANG_WARN_UNREACHABLE_CODE = YES;
				CLANG_WARN__DUPLICATE_METHOD_MATCH = YES;
				COPY_PHASE_STRIP = NO;
				DEBUG_INFORMATION_FORMAT = dwarf;
				ENABLE_STRICT_OBJC_MSGSEND = YES;
				ENABLE_TESTABILITY = YES;
				GCC_C_LANGUAGE_STANDARD = gnu11;
				GCC_DYNAMIC_NO_PIC = NO;
				GCC_NO_COMMON_BLOCKS = YES;
				GCC_OPTIMIZATION_LEVEL = 0;
				GCC_PREPROCESSOR_DEFINITIONS = (
					"DEBUG=1",
					"$(inherited)",
				);
				GCC_WARN_64_TO_32_BIT_CONVERSION = YES;
				GCC_WARN_ABOUT_RETURN_TYPE = YES_ERROR;
				GCC_WARN_UNDECLARED_SELECTOR = YES;
				GCC_WARN_UNINITIALIZED_AUTOS = YES_AGGRESSIVE;
				GCC_WARN_UNUSED_FUNCTION = YES;
				GCC_WARN_UNUSED_VARIABLE = YES;
				IPHONEOS_DEPLOYMENT_TARGET = 14.5;
				MTL_ENABLE_DEBUG_INFO = INCLUDE_SOURCE;
				MTL_FAST_MATH = YES;
				ONLY_ACTIVE_ARCH = YES;
				SDKROOT = iphoneos;
				SWIFT_ACTIVE_COMPILATION_CONDITIONS = DEBUG;
				SWIFT_OPTIMIZATION_LEVEL = "-Onone";
			};
			name = Debug;
		};
		4ECD6DA727145E0700011208 /* Release */ = {
			isa = XCBuildConfiguration;
			buildSettings = {
				ALWAYS_SEARCH_USER_PATHS = NO;
				CLANG_ANALYZER_NONNULL = YES;
				CLANG_ANALYZER_NUMBER_OBJECT_CONVERSION = YES_AGGRESSIVE;
				CLANG_CXX_LANGUAGE_STANDARD = "gnu++14";
				CLANG_CXX_LIBRARY = "libc++";
				CLANG_ENABLE_MODULES = YES;
				CLANG_ENABLE_OBJC_ARC = YES;
				CLANG_ENABLE_OBJC_WEAK = YES;
				CLANG_WARN_BLOCK_CAPTURE_AUTORELEASING = YES;
				CLANG_WARN_BOOL_CONVERSION = YES;
				CLANG_WARN_COMMA = YES;
				CLANG_WARN_CONSTANT_CONVERSION = YES;
				CLANG_WARN_DEPRECATED_OBJC_IMPLEMENTATIONS = YES;
				CLANG_WARN_DIRECT_OBJC_ISA_USAGE = YES_ERROR;
				CLANG_WARN_DOCUMENTATION_COMMENTS = YES;
				CLANG_WARN_EMPTY_BODY = YES;
				CLANG_WARN_ENUM_CONVERSION = YES;
				CLANG_WARN_INFINITE_RECURSION = YES;
				CLANG_WARN_INT_CONVERSION = YES;
				CLANG_WARN_NON_LITERAL_NULL_CONVERSION = YES;
				CLANG_WARN_OBJC_IMPLICIT_RETAIN_SELF = YES;
				CLANG_WARN_OBJC_LITERAL_CONVERSION = YES;
				CLANG_WARN_OBJC_ROOT_CLASS = YES_ERROR;
				CLANG_WARN_QUOTED_INCLUDE_IN_FRAMEWORK_HEADER = YES;
				CLANG_WARN_RANGE_LOOP_ANALYSIS = YES;
				CLANG_WARN_STRICT_PROTOTYPES = YES;
				CLANG_WARN_SUSPICIOUS_MOVE = YES;
				CLANG_WARN_UNGUARDED_AVAILABILITY = YES_AGGRESSIVE;
				CLANG_WARN_UNREACHABLE_CODE = YES;
				CLANG_WARN__DUPLICATE_METHOD_MATCH = YES;
				COPY_PHASE_STRIP = NO;
				DEBUG_INFORMATION_FORMAT = "dwarf-with-dsym";
				ENABLE_NS_ASSERTIONS = NO;
				ENABLE_STRICT_OBJC_MSGSEND = YES;
				GCC_C_LANGUAGE_STANDARD = gnu11;
				GCC_NO_COMMON_BLOCKS = YES;
				GCC_WARN_64_TO_32_BIT_CONVERSION = YES;
				GCC_WARN_ABOUT_RETURN_TYPE = YES_ERROR;
				GCC_WARN_UNDECLARED_SELECTOR = YES;
				GCC_WARN_UNINITIALIZED_AUTOS = YES_AGGRESSIVE;
				GCC_WARN_UNUSED_FUNCTION = YES;
				GCC_WARN_UNUSED_VARIABLE = YES;
				IPHONEOS_DEPLOYMENT_TARGET = 14.5;
				MTL_ENABLE_DEBUG_INFO = NO;
				MTL_FAST_MATH = YES;
				SDKROOT = iphoneos;
				SWIFT_COMPILATION_MODE = wholemodule;
				SWIFT_OPTIMIZATION_LEVEL = "-O";
				VALIDATE_PRODUCT = YES;
			};
			name = Release;
		};
		4ECD6DA927145E0700011208 /* Debug */ = {
			isa = XCBuildConfiguration;
			buildSettings = {
				ASSETCATALOG_COMPILER_APPICON_NAME = AppIcon;
				ASSETCATALOG_COMPILER_GLOBAL_ACCENT_COLOR_NAME = AccentColor;
				CODE_SIGN_STYLE = Automatic;
				DEVELOPMENT_ASSET_PATHS = "\"Magician/Preview Content\"";
				DEVELOPMENT_TEAM = 868AXWRZ85;
				ENABLE_PREVIEWS = YES;
				INFOPLIST_FILE = Magician/Info.plist;
				IPHONEOS_DEPLOYMENT_TARGET = 14.0;
				LD_RUNPATH_SEARCH_PATHS = (
					"$(inherited)",
					"@executable_path/Frameworks",
				);
				PRODUCT_BUNDLE_IDENTIFIER = com.hosam.net.Magician;
				PRODUCT_NAME = "$(TARGET_NAME)";
				SWIFT_VERSION = 5.0;
				TARGETED_DEVICE_FAMILY = "1,2";
			};
			name = Debug;
		};
		4ECD6DAA27145E0700011208 /* Release */ = {
			isa = XCBuildConfiguration;
			buildSettings = {
				ASSETCATALOG_COMPILER_APPICON_NAME = AppIcon;
				ASSETCATALOG_COMPILER_GLOBAL_ACCENT_COLOR_NAME = AccentColor;
				CODE_SIGN_STYLE = Automatic;
				DEVELOPMENT_ASSET_PATHS = "\"Magician/Preview Content\"";
				DEVELOPMENT_TEAM = 868AXWRZ85;
				ENABLE_PREVIEWS = YES;
				INFOPLIST_FILE = Magician/Info.plist;
				IPHONEOS_DEPLOYMENT_TARGET = 14.0;
				LD_RUNPATH_SEARCH_PATHS = (
					"$(inherited)",
					"@executable_path/Frameworks",
				);
				PRODUCT_BUNDLE_IDENTIFIER = com.hosam.net.Magician;
				PRODUCT_NAME = "$(TARGET_NAME)";
				SWIFT_VERSION = 5.0;
				TARGETED_DEVICE_FAMILY = "1,2";
			};
			name = Release;
		};
/* End XCBuildConfiguration section */

/* Begin XCConfigurationList section */
		4ECD6D9427145E0400011208 /* Build configuration list for PBXProject "Magician" */ = {
			isa = XCConfigurationList;
			buildConfigurations = (
				4ECD6DA627145E0700011208 /* Debug */,
				4ECD6DA727145E0700011208 /* Release */,
			);
			defaultConfigurationIsVisible = 0;
			defaultConfigurationName = Release;
		};
		4ECD6DA827145E0700011208 /* Build configuration list for PBXNativeTarget "Magician" */ = {
			isa = XCConfigurationList;
			buildConfigurations = (
				4ECD6DA927145E0700011208 /* Debug */,
				4ECD6DAA27145E0700011208 /* Release */,
			);
			defaultConfigurationIsVisible = 0;
			defaultConfigurationName = Release;
		};
/* End XCConfigurationList section */
	};
	rootObject = 4ECD6D9127145E0400011208 /* Project object */;
}
